
Microsoft Visual Studio Solution File, Format Version 12.00
# Visual Studio 14
VisualStudioVersion = 14.0.25420.1
MinimumVisualStudioVersion = 10.0.40219.1
Project("{FAE04EC0-301F-11D3-BF4B-00C04F79EFBC}") = "AutoUpdaterWPF", "AutoUpdaterWPF\AutoUpdaterWPF.csproj", "{85479714-6EC0-4C21-A5D6-54C4715E5800}"
EndProject
Project("{2150E333-8FDC-42A3-9474-1A3956D46DE8}") = "Solution Items", "Solution Items", "{E86A0CB0-6C70-449E-8134-FE1DCC9D429A}"
	ProjectSection(SolutionItems) = preProject
		README.md = README.md
	EndProjectSection
EndProject
Global
	GlobalSection(SolutionConfigurationPlatforms) = preSolution
		Debug|Any CPU = Debug|Any CPU
		Release|Any CPU = Release|Any CPU
	EndGlobalSection
	GlobalSection(ProjectConfigurationPlatforms) = postSolution
		{85479714-6EC0-4C21-A5D6-54C4715E5800}.Debug|Any CPU.ActiveCfg = Debug|Any CPU
		{85479714-6EC0-4C21-A5D6-54C4715E5800}.Debug|Any CPU.Build.0 = Debug|Any CPU
		{85479714-6EC0-4C21-A5D6-54C4715E5800}.Release|Any CPU.ActiveCfg = Release|Any CPU
		{85479714-6EC0-4C21-A5D6-54C4715E5800}.Release|Any CPU.Build.0 = Release|Any CPU
	EndGlobalSection
	GlobalSection(SolutionProperties) = preSolution
		HideSolutionNode = FALSE
	EndGlobalSection
EndGlobal
